
Microsoft Visual Studio Solution File, Format Version 12.00
# Visual Studio Version 17
VisualStudioVersion = 17.14.36603.0 d17.14
MinimumVisualStudioVersion = 10.0.40219.1
Project("{888888A0-9F3D-457C-B088-3A5042F75D52}") = "Dashboard", "Dashboard.pyproj", "{EFFF7866-1F9E-4594-9EC2-C09C8FB0B85A}"
EndProject
Global
	GlobalSection(SolutionConfigurationPlatforms) = preSolution
		Debug|Any CPU = Debug|Any CPU
		Release|Any CPU = Release|Any CPU
	EndGlobalSection
	GlobalSection(ProjectConfigurationPlatforms) = postSolution
		{EFFF7866-1F9E-4594-9EC2-C09C8FB0B85A}.Debug|Any CPU.ActiveCfg = Debug|Any CPU
		{EFFF7866-1F9E-4594-9EC2-C09C8FB0B85A}.Release|Any CPU.ActiveCfg = Release|Any CPU
	EndGlobalSection
	GlobalSection(SolutionProperties) = preSolution
		HideSolutionNode = FALSE
	EndGlobalSection
	GlobalSection(ExtensibilityGlobals) = postSolution
		SolutionGuid = {5B3E7C6E-5B72-4111-8DC7-0C164960592C}
	EndGlobalSection
EndGlobal
